// !$*UTF8*$!
{
	archiveVersion = 1;
	classes = {
	};
	objectVersion = 50;
	objects = {

/* Begin PBXBuildFile section */
		FB76E70925CA74D300429269 /* AppDelegate.swift in Sources */ = {isa = PBXBuildFile; fileRef = FB76E70825CA74D300429269 /* AppDelegate.swift */; };
		FB76E70B25CA74D300429269 /* SceneDelegate.swift in Sources */ = {isa = PBXBuildFile; fileRef = FB76E70A25CA74D300429269 /* SceneDelegate.swift */; };
		FB76E70D25CA74D300429269 /* ViewController.swift in Sources */ = {isa = PBXBuildFile; fileRef = FB76E70C25CA74D300429269 /* ViewController.swift */; };
		FB76E71025CA74D300429269 /* Main.storyboard in Resources */ = {isa = PBXBuildFile; fileRef = FB76E70E25CA74D300429269 /* Main.storyboard */; };
		FB76E71225CA74D400429269 /* Assets.xcassets in Resources */ = {isa = PBXBuildFile; fileRef = FB76E71125CA74D400429269 /* Assets.xcassets */; };
		FB76E71525CA74D400429269 /* LaunchScreen.storyboard in Resources */ = {isa = PBXBuildFile; fileRef = FB76E71325CA74D400429269 /* LaunchScreen.storyboard */; };
		FB76E72025CA74D400429269 /* StampTests.swift in Sources */ = {isa = PBXBuildFile; fileRef = FB76E71F25CA74D400429269 /* StampTests.swift */; };
		FB76E72B25CA74D400429269 /* StampUITests.swift in Sources */ = {isa = PBXBuildFile; fileRef = FB76E72A25CA74D400429269 /* StampUITests.swift */; };
/* End PBXBuildFile section */

/* Begin PBXContainerItemProxy section */
		FB76E71C25CA74D400429269 /* PBXContainerItemProxy */ = {
			isa = PBXContainerItemProxy;
			containerPortal = FB76E6FD25CA74D300429269 /* Project object */;
			proxyType = 1;
			remoteGlobalIDString = FB76E70425CA74D300429269;
			remoteInfo = Stamp;
		};
		FB76E72725CA74D400429269 /* PBXContainerItemProxy */ = {
			isa = PBXContainerItemProxy;
			containerPortal = FB76E6FD25CA74D300429269 /* Project object */;
			proxyType = 1;
			remoteGlobalIDString = FB76E70425CA74D300429269;
			remoteInfo = Stamp;
		};
/* End PBXContainerItemProxy section */

/* Begin PBXFileReference section */
		FB76E70525CA74D300429269 /* Stamp.app */ = {isa = PBXFileReference; explicitFileType = wrapper.application; includeInIndex = 0; path = Stamp.app; sourceTree = BUILT_PRODUCTS_DIR; };
		FB76E70825CA74D300429269 /* AppDelegate.swift */ = {isa = PBXFileReference; lastKnownFileType = sourcecode.swift; path = AppDelegate.swift; sourceTree = "<group>"; };
		FB76E70A25CA74D300429269 /* SceneDelegate.swift */ = {isa = PBXFileReference; lastKnownFileType = sourcecode.swift; path = SceneDelegate.swift; sourceTree = "<group>"; };
		FB76E70C25CA74D300429269 /* ViewController.swift */ = {isa = PBXFileReference; lastKnownFileType = sourcecode.swift; path = ViewController.swift; sourceTree = "<group>"; };
		FB76E70F25CA74D300429269 /* Base */ = {isa = PBXFileReference; lastKnownFileType = file.storyboard; name = Base; path = Base.lproj/Main.storyboard; sourceTree = "<group>"; };
		FB76E71125CA74D400429269 /* Assets.xcassets */ = {isa = PBXFileReference; lastKnownFileType = folder.assetcatalog; path = Assets.xcassets; sourceTree = "<group>"; };
		FB76E71425CA74D400429269 /* Base */ = {isa = PBXFileReference; lastKnownFileType = file.storyboard; name = Base; path = Base.lproj/LaunchScreen.storyboard; sourceTree = "<group>"; };
		FB76E71625CA74D400429269 /* Info.plist */ = {isa = PBXFileReference; lastKnownFileType = text.plist.xml; path = Info.plist; sourceTree = "<group>"; };
		FB76E71B25CA74D400429269 /* StampTests.xctest */ = {isa = PBXFileReference; explicitFileType = wrapper.cfbundle; includeInIndex = 0; path = StampTests.xctest; sourceTree = BUILT_PRODUCTS_DIR; };
		FB76E71F25CA74D400429269 /* StampTests.swift */ = {isa = PBXFileReference; lastKnownFileType = sourcecode.swift; path = StampTests.swift; sourceTree = "<group>"; };
		FB76E72125CA74D400429269 /* Info.plist */ = {isa = PBXFileReference; lastKnownFileType = text.plist.xml; path = Info.plist; sourceTree = "<group>"; };
		FB76E72625CA74D400429269 /* StampUITests.xctest */ = {isa = PBXFileReference; explicitFileType = wrapper.cfbundle; includeInIndex = 0; path = StampUITests.xctest; sourceTree = BUILT_PRODUCTS_DIR; };
		FB76E72A25CA74D400429269 /* StampUITests.swift */ = {isa = PBXFileReference; lastKnownFileType = sourcecode.swift; path = StampUITests.swift; sourceTree = "<group>"; };
		FB76E72C25CA74D400429269 /* Info.plist */ = {isa = PBXFileReference; lastKnownFileType = text.plist.xml; path = Info.plist; sourceTree = "<group>"; };
/* End PBXFileReference section */

/* Begin PBXFrameworksBuildPhase section */
		FB76E70225CA74D300429269 /* Frameworks */ = {
			isa = PBXFrameworksBuildPhase;
			buildActionMask = 2147483647;
			files = (
			);
			runOnlyForDeploymentPostprocessing = 0;
		};
		FB76E71825CA74D400429269 /* Frameworks */ = {
			isa = PBXFrameworksBuildPhase;
			buildActionMask = 2147483647;
			files = (
			);
			runOnlyForDeploymentPostprocessing = 0;
		};
		FB76E72325CA74D400429269 /* Frameworks */ = {
			isa = PBXFrameworksBuildPhase;
			buildActionMask = 2147483647;
			files = (
			);
			runOnlyForDeploymentPostprocessing = 0;
		};
/* End PBXFrameworksBuildPhase section */

/* Begin PBXGroup section */
		FB76E6FC25CA74D300429269 = {
			isa = PBXGroup;
			children = (
				FB76E70725CA74D300429269 /* Stamp */,
				FB76E71E25CA74D400429269 /* StampTests */,
				FB76E72925CA74D400429269 /* StampUITests */,
				FB76E70625CA74D300429269 /* Products */,
			);
			sourceTree = "<group>";
		};
		FB76E70625CA74D300429269 /* Products */ = {
			isa = PBXGroup;
			children = (
				FB76E70525CA74D300429269 /* Stamp.app */,
				FB76E71B25CA74D400429269 /* StampTests.xctest */,
				FB76E72625CA74D400429269 /* StampUITests.xctest */,
			);
			name = Products;
			sourceTree = "<group>";
		};
		FB76E70725CA74D300429269 /* Stamp */ = {
			isa = PBXGroup;
			children = (
				FB76E70825CA74D300429269 /* AppDelegate.swift */,
				FB76E70A25CA74D300429269 /* SceneDelegate.swift */,
				FB76E70C25CA74D300429269 /* ViewController.swift */,
				FB76E70E25CA74D300429269 /* Main.storyboard */,
				FB76E71125CA74D400429269 /* Assets.xcassets */,
				FB76E71325CA74D400429269 /* LaunchScreen.storyboard */,
				FB76E71625CA74D400429269 /* Info.plist */,
			);
			path = Stamp;
			sourceTree = "<group>";
		};
		FB76E71E25CA74D400429269 /* StampTests */ = {
			isa = PBXGroup;
			children = (
				FB76E71F25CA74D400429269 /* StampTests.swift */,
				FB76E72125CA74D400429269 /* Info.plist */,
			);
			path = StampTests;
			sourceTree = "<group>";
		};
		FB76E72925CA74D400429269 /* StampUITests */ = {
			isa = PBXGroup;
			children = (
				FB76E72A25CA74D400429269 /* StampUITests.swift */,
				FB76E72C25CA74D400429269 /* Info.plist */,
			);
			path = StampUITests;
			sourceTree = "<group>";
		};
/* End PBXGroup section */

/* Begin PBXNativeTarget section */
		FB76E70425CA74D300429269 /* Stamp */ = {
			isa = PBXNativeTarget;
			buildConfigurationList = FB76E72F25CA74D400429269 /* Build configuration list for PBXNativeTarget "Stamp" */;
			buildPhases = (
				FB76E70125CA74D300429269 /* Sources */,
				FB76E70225CA74D300429269 /* Frameworks */,
				FB76E70325CA74D300429269 /* Resources */,
			);
			buildRules = (
			);
			dependencies = (
			);
			name = Stamp;
			productName = Stamp;
			productReference = FB76E70525CA74D300429269 /* Stamp.app */;
			productType = "com.apple.product-type.application";
		};
		FB76E71A25CA74D400429269 /* StampTests */ = {
			isa = PBXNativeTarget;
			buildConfigurationList = FB76E73225CA74D400429269 /* Build configuration list for PBXNativeTarget "StampTests" */;
			buildPhases = (
				FB76E71725CA74D400429269 /* Sources */,
				FB76E71825CA74D400429269 /* Frameworks */,
				FB76E71925CA74D400429269 /* Resources */,
			);
			buildRules = (
			);
			dependencies = (
				FB76E71D25CA74D400429269 /* PBXTargetDependency */,
			);
			name = StampTests;
			productName = StampTests;
			productReference = FB76E71B25CA74D400429269 /* StampTests.xctest */;
			productType = "com.apple.product-type.bundle.unit-test";
		};
		FB76E72525CA74D400429269 /* StampUITests */ = {
			isa = PBXNativeTarget;
			buildConfigurationList = FB76E73525CA74D400429269 /* Build configuration list for PBXNativeTarget "StampUITests" */;
			buildPhases = (
				FB76E72225CA74D400429269 /* Sources */,
				FB76E72325CA74D400429269 /* Frameworks */,
				FB76E72425CA74D400429269 /* Resources */,
			);
			buildRules = (
			);
			dependencies = (
				FB76E72825CA74D400429269 /* PBXTargetDependency */,
			);
			name = StampUITests;
			productName = StampUITests;
			productReference = FB76E72625CA74D400429269 /* StampUITests.xctest */;
			productType = "com.apple.product-type.bundle.ui-testing";
		};
/* End PBXNativeTarget section */

/* Begin PBXProject section */
		FB76E6FD25CA74D300429269 /* Project object */ = {
			isa = PBXProject;
			attributes = {
				LastSwiftUpdateCheck = 1240;
				LastUpgradeCheck = 1240;
				TargetAttributes = {
					FB76E70425CA74D300429269 = {
						CreatedOnToolsVersion = 12.4;
					};
					FB76E71A25CA74D400429269 = {
						CreatedOnToolsVersion = 12.4;
						TestTargetID = FB76E70425CA74D300429269;
					};
					FB76E72525CA74D400429269 = {
						CreatedOnToolsVersion = 12.4;
						TestTargetID = FB76E70425CA74D300429269;
					};
				};
			};
			buildConfigurationList = FB76E70025CA74D300429269 /* Build configuration list for PBXProject "Stamp" */;
			compatibilityVersion = "Xcode 9.3";
			developmentRegion = en;
			hasScannedForEncodings = 0;
			knownRegions = (
				en,
				Base,
			);
			mainGroup = FB76E6FC25CA74D300429269;
			productRefGroup = FB76E70625CA74D300429269 /* Products */;
			projectDirPath = "";
			projectRoot = "";
			targets = (
				FB76E70425CA74D300429269 /* Stamp */,
				FB76E71A25CA74D400429269 /* StampTests */,
				FB76E72525CA74D400429269 /* StampUITests */,
			);
		};
/* End PBXProject section */

/* Begin PBXResourcesBuildPhase section */
		FB76E70325CA74D300429269 /* Resources */ = {
			isa = PBXResourcesBuildPhase;
			buildActionMask = 2147483647;
			files = (
				FB76E71525CA74D400429269 /* LaunchScreen.storyboard in Resources */,
				FB76E71225CA74D400429269 /* Assets.xcassets in Resources */,
				FB76E71025CA74D300429269 /* Main.storyboard in Resources */,
			);
			runOnlyForDeploymentPostprocessing = 0;
		};
		FB76E71925CA74D400429269 /* Resources */ = {
			isa = PBXResourcesBuildPhase;
			buildActionMask = 2147483647;
			files = (
			);
			runOnlyForDeploymentPostprocessing = 0;
		};
		FB76E72425CA74D400429269 /* Resources */ = {
			isa = PBXResourcesBuildPhase;
			buildActionMask = 2147483647;
			files = (
			);
			runOnlyForDeploymentPostprocessing = 0;
		};
/* End PBXResourcesBuildPhase section */

/* Begin PBXSourcesBuildPhase section */
		FB76E70125CA74D300429269 /* Sources */ = {
			isa = PBXSourcesBuildPhase;
			buildActionMask = 2147483647;
			files = (
				FB76E70D25CA74D300429269 /* ViewController.swift in Sources */,
				FB76E70925CA74D300429269 /* AppDelegate.swift in Sources */,
				FB76E70B25CA74D300429269 /* SceneDelegate.swift in Sources */,
			);
			runOnlyForDeploymentPostprocessing = 0;
		};
		FB76E71725CA74D400429269 /* Sources */ = {
			isa = PBXSourcesBuildPhase;
			buildActionMask = 2147483647;
			files = (
				FB76E72025CA74D400429269 /* StampTests.swift in Sources */,
			);
			runOnlyForDeploymentPostprocessing = 0;
		};
		FB76E72225CA74D400429269 /* Sources */ = {
			isa = PBXSourcesBuildPhase;
			buildActionMask = 2147483647;
			files = (
				FB76E72B25CA74D400429269 /* StampUITests.swift in Sources */,
			);
			runOnlyForDeploymentPostprocessing = 0;
		};
/* End PBXSourcesBuildPhase section */

/* Begin PBXTargetDependency section */
		FB76E71D25CA74D400429269 /* PBXTargetDependency */ = {
			isa = PBXTargetDependency;
			target = FB76E70425CA74D300429269 /* Stamp */;
			targetProxy = FB76E71C25CA74D400429269 /* PBXContainerItemProxy */;
		};
		FB76E72825CA74D400429269 /* PBXTargetDependency */ = {
			isa = PBXTargetDependency;
			target = FB76E70425CA74D300429269 /* Stamp */;
			targetProxy = FB76E72725CA74D400429269 /* PBXContainerItemProxy */;
		};
/* End PBXTargetDependency section */

/* Begin PBXVariantGroup section */
		FB76E70E25CA74D300429269 /* Main.storyboard */ = {
			isa = PBXVariantGroup;
			children = (
				FB76E70F25CA74D300429269 /* Base */,
			);
			name = Main.storyboard;
			sourceTree = "<group>";
		};
		FB76E71325CA74D400429269 /* LaunchScreen.storyboard */ = {
			isa = PBXVariantGroup;
			children = (
				FB76E71425CA74D400429269 /* Base */,
			);
			name = LaunchScreen.storyboard;
			sourceTree = "<group>";
		};
/* End PBXVariantGroup section */

/* Begin XCBuildConfiguration section */
		FB76E72D25CA74D400429269 /* Debug */ = {
			isa = XCBuildConfiguration;
			buildSettings = {
				ALWAYS_SEARCH_USER_PATHS = NO;
				CLANG_ANALYZER_NONNULL = YES;
				CLANG_ANALYZER_NUMBER_OBJECT_CONVERSION = YES_AGGRESSIVE;
				CLANG_CXX_LANGUAGE_STANDARD = "gnu++14";
				CLANG_CXX_LIBRARY = "libc++";
				CLANG_ENABLE_MODULES = YES;
				CLANG_ENABLE_OBJC_ARC = YES;
				CLANG_ENABLE_OBJC_WEAK = YES;
				CLANG_WARN_BLOCK_CAPTURE_AUTORELEASING = YES;
				CLANG_WARN_BOOL_CONVERSION = YES;
				CLANG_WARN_COMMA = YES;
				CLANG_WARN_CONSTANT_CONVERSION = YES;
				CLANG_WARN_DEPRECATED_OBJC_IMPLEMENTATIONS = YES;
				CLANG_WARN_DIRECT_OBJC_ISA_USAGE = YES_ERROR;
				CLANG_WARN_DOCUMENTATION_COMMENTS = YES;
				CLANG_WARN_EMPTY_BODY = YES;
				CLANG_WARN_ENUM_CONVERSION = YES;
				CLANG_WARN_INFINITE_RECURSION = YES;
				CLANG_WARN_INT_CONVERSION = YES;
				CLANG_WARN_NON_LITERAL_NULL_CONVERSION = YES;
				CLANG_WARN_OBJC_IMPLICIT_RETAIN_SELF = YES;
				CLANG_WARN_OBJC_LITERAL_CONVERSION = YES;
				CLANG_WARN_OBJC_ROOT_CLASS = YES_ERROR;
				CLANG_WARN_QUOTED_INCLUDE_IN_FRAMEWORK_HEADER = YES;
				CLANG_WARN_RANGE_LOOP_ANALYSIS = YES;
				CLANG_WARN_STRICT_PROTOTYPES = YES;
				CLANG_WARN_SUSPICIOUS_MOVE = YES;
				CLANG_WARN_UNGUARDED_AVAILABILITY = YES_AGGRESSIVE;
				CLANG_WARN_UNREACHABLE_CODE = YES;
				CLANG_WARN__DUPLICATE_METHOD_MATCH = YES;
				COPY_PHASE_STRIP = NO;
				DEBUG_INFORMATION_FORMAT = dwarf;
				ENABLE_STRICT_OBJC_MSGSEND = YES;
				ENABLE_TESTABILITY = YES;
				GCC_C_LANGUAGE_STANDARD = gnu11;
				GCC_DYNAMIC_NO_PIC = NO;
				GCC_NO_COMMON_BLOCKS = YES;
				GCC_OPTIMIZATION_LEVEL = 0;
				GCC_PREPROCESSOR_DEFINITIONS = (
					"DEBUG=1",
					"$(inherited)",
				);
				GCC_WARN_64_TO_32_BIT_CONVERSION = YES;
				GCC_WARN_ABOUT_RETURN_TYPE = YES_ERROR;
				GCC_WARN_UNDECLARED_SELECTOR = YES;
				GCC_WARN_UNINITIALIZED_AUTOS = YES_AGGRESSIVE;
				GCC_WARN_UNUSED_FUNCTION = YES;
				GCC_WARN_UNUSED_VARIABLE = YES;
				IPHONEOS_DEPLOYMENT_TARGET = 14.4;
				MTL_ENABLE_DEBUG_INFO = INCLUDE_SOURCE;
				MTL_FAST_MATH = YES;
				ONLY_ACTIVE_ARCH = YES;
				SDKROOT = iphoneos;
				SWIFT_ACTIVE_COMPILATION_CONDITIONS = DEBUG;
				SWIFT_OPTIMIZATION_LEVEL = "-Onone";
			};
			name = Debug;
		};
		FB76E72E25CA74D400429269 /* Release */ = {
			isa = XCBuildConfiguration;
			buildSettings = {
				ALWAYS_SEARCH_USER_PATHS = NO;
				CLANG_ANALYZER_NONNULL = YES;
				CLANG_ANALYZER_NUMBER_OBJECT_CONVERSION = YES_AGGRESSIVE;
				CLANG_CXX_LANGUAGE_STANDARD = "gnu++14";
				CLANG_CXX_LIBRARY = "libc++";
				CLANG_ENABLE_MODULES = YES;
				CLANG_ENABLE_OBJC_ARC = YES;
				CLANG_ENABLE_OBJC_WEAK = YES;
				CLANG_WARN_BLOCK_CAPTURE_AUTORELEASING = YES;
				CLANG_WARN_BOOL_CONVERSION = YES;
				CLANG_WARN_COMMA = YES;
				CLANG_WARN_CONSTANT_CONVERSION = YES;
				CLANG_WARN_DEPRECATED_OBJC_IMPLEMENTATIONS = YES;
				CLANG_WARN_DIRECT_OBJC_ISA_USAGE = YES_ERROR;
				CLANG_WARN_DOCUMENTATION_COMMENTS = YES;
				CLANG_WARN_EMPTY_BODY = YES;
				CLANG_WARN_ENUM_CONVERSION = YES;
				CLANG_WARN_INFINITE_RECURSION = YES;
				CLANG_WARN_INT_CONVERSION = YES;
				CLANG_WARN_NON_LITERAL_NULL_CONVERSION = YES;
				CLANG_WARN_OBJC_IMPLICIT_RETAIN_SELF = YES;
				CLANG_WARN_OBJC_LITERAL_CONVERSION = YES;
				CLANG_WARN_OBJC_ROOT_CLASS = YES_ERROR;
				CLANG_WARN_QUOTED_INCLUDE_IN_FRAMEWORK_HEADER = YES;
				CLANG_WARN_RANGE_LOOP_ANALYSIS = YES;
				CLANG_WARN_STRICT_PROTOTYPES = YES;
				CLANG_WARN_SUSPICIOUS_MOVE = YES;
				CLANG_WARN_UNGUARDED_AVAILABILITY = YES_AGGRESSIVE;
				CLANG_WARN_UNREACHABLE_CODE = YES;
				CLANG_WARN__DUPLICATE_METHOD_MATCH = YES;
				COPY_PHASE_STRIP = NO;
				DEBUG_INFORMATION_FORMAT = "dwarf-with-dsym";
				ENABLE_NS_ASSERTIONS = NO;
				ENABLE_STRICT_OBJC_MSGSEND = YES;
				GCC_C_LANGUAGE_STANDARD = gnu11;
				GCC_NO_COMMON_BLOCKS = YES;
				GCC_WARN_64_TO_32_BIT_CONVERSION = YES;
				GCC_WARN_ABOUT_RETURN_TYPE = YES_ERROR;
				GCC_WARN_UNDECLARED_SELECTOR = YES;
				GCC_WARN_UNINITIALIZED_AUTOS = YES_AGGRESSIVE;
				GCC_WARN_UNUSED_FUNCTION = YES;
				GCC_WARN_UNUSED_VARIABLE = YES;
				IPHONEOS_DEPLOYMENT_TARGET = 14.4;
				MTL_ENABLE_DEBUG_INFO = NO;
				MTL_FAST_MATH = YES;
				SDKROOT = iphoneos;
				SWIFT_COMPILATION_MODE = wholemodule;
				SWIFT_OPTIMIZATION_LEVEL = "-O";
				VALIDATE_PRODUCT = YES;
			};
			name = Release;
		};
		FB76E73025CA74D400429269 /* Debug */ = {
			isa = XCBuildConfiguration;
			buildSettings = {
				ASSETCATALOG_COMPILER_APPICON_NAME = AppIcon;
				ASSETCATALOG_COMPILER_GLOBAL_ACCENT_COLOR_NAME = AccentColor;
				CODE_SIGN_STYLE = Automatic;
				INFOPLIST_FILE = Stamp/Info.plist;
				LD_RUNPATH_SEARCH_PATHS = (
					"$(inherited)",
					"@executable_path/Frameworks",
				);
				PRODUCT_BUNDLE_IDENTIFIER = app.ito.ayu.Stamp;
				PRODUCT_NAME = "$(TARGET_NAME)";
				SWIFT_VERSION = 5.0;
				TARGETED_DEVICE_FAMILY = "1,2";
			};
			name = Debug;
		};
		FB76E73125CA74D400429269 /* Release */ = {
			isa = XCBuildConfiguration;
			buildSettings = {
				ASSETCATALOG_COMPILER_APPICON_NAME = AppIcon;
				ASSETCATALOG_COMPILER_GLOBAL_ACCENT_COLOR_NAME = AccentColor;
				CODE_SIGN_STYLE = Automatic;
				INFOPLIST_FILE = Stamp/Info.plist;
				LD_RUNPATH_SEARCH_PATHS = (
					"$(inherited)",
					"@executable_path/Frameworks",
				);
				PRODUCT_BUNDLE_IDENTIFIER = app.ito.ayu.Stamp;
				PRODUCT_NAME = "$(TARGET_NAME)";
				SWIFT_VERSION = 5.0;
				TARGETED_DEVICE_FAMILY = "1,2";
			};
			name = Release;
		};
		FB76E73325CA74D400429269 /* Debug */ = {
			isa = XCBuildConfiguration;
			buildSettings = {
				ALWAYS_EMBED_SWIFT_STANDARD_LIBRARIES = YES;
				BUNDLE_LOADER = "$(TEST_HOST)";
				CODE_SIGN_STYLE = Automatic;
				INFOPLIST_FILE = StampTests/Info.plist;
				IPHONEOS_DEPLOYMENT_TARGET = 14.4;
				LD_RUNPATH_SEARCH_PATHS = (
					"$(inherited)",
					"@executable_path/Frameworks",
					"@loader_path/Frameworks",
				);
				PRODUCT_BUNDLE_IDENTIFIER = app.ito.ayu.StampTests;
				PRODUCT_NAME = "$(TARGET_NAME)";
				SWIFT_VERSION = 5.0;
				TARGETED_DEVICE_FAMILY = "1,2";
				TEST_HOST = "$(BUILT_PRODUCTS_DIR)/Stamp.app/Stamp";
			};
			name = Debug;
		};
		FB76E73425CA74D400429269 /* Release */ = {
			isa = XCBuildConfiguration;
			buildSettings = {
				ALWAYS_EMBED_SWIFT_STANDARD_LIBRARIES = YES;
				BUNDLE_LOADER = "$(TEST_HOST)";
				CODE_SIGN_STYLE = Automatic;
				INFOPLIST_FILE = StampTests/Info.plist;
				IPHONEOS_DEPLOYMENT_TARGET = 14.4;
				LD_RUNPATH_SEARCH_PATHS = (
					"$(inherited)",
					"@executable_path/Frameworks",
					"@loader_path/Frameworks",
				);
				PRODUCT_BUNDLE_IDENTIFIER = app.ito.ayu.StampTests;
				PRODUCT_NAME = "$(TARGET_NAME)";
				SWIFT_VERSION = 5.0;
				TARGETED_DEVICE_FAMILY = "1,2";
				TEST_HOST = "$(BUILT_PRODUCTS_DIR)/Stamp.app/Stamp";
			};
			name = Release;
		};
		FB76E73625CA74D400429269 /* Debug */ = {
			isa = XCBuildConfiguration;
			buildSettings = {
				ALWAYS_EMBED_SWIFT_STANDARD_LIBRARIES = YES;
				CODE_SIGN_STYLE = Automatic;
				INFOPLIST_FILE = StampUITests/Info.plist;
				LD_RUNPATH_SEARCH_PATHS = (
					"$(inherited)",
					"@executable_path/Frameworks",
					"@loader_path/Frameworks",
				);
				PRODUCT_BUNDLE_IDENTIFIER = app.ito.ayu.StampUITests;
				PRODUCT_NAME = "$(TARGET_NAME)";
				SWIFT_VERSION = 5.0;
				TARGETED_DEVICE_FAMILY = "1,2";
				TEST_TARGET_NAME = Stamp;
			};
			name = Debug;
		};
		FB76E73725CA74D400429269 /* Release */ = {
			isa = XCBuildConfiguration;
			buildSettings = {
				ALWAYS_EMBED_SWIFT_STANDARD_LIBRARIES = YES;
				CODE_SIGN_STYLE = Automatic;
				INFOPLIST_FILE = StampUITests/Info.plist;
				LD_RUNPATH_SEARCH_PATHS = (
					"$(inherited)",
					"@executable_path/Frameworks",
					"@loader_path/Frameworks",
				);
				PRODUCT_BUNDLE_IDENTIFIER = app.ito.ayu.StampUITests;
				PRODUCT_NAME = "$(TARGET_NAME)";
				SWIFT_VERSION = 5.0;
				TARGETED_DEVICE_FAMILY = "1,2";
				TEST_TARGET_NAME = Stamp;
			};
			name = Release;
		};
/* End XCBuildConfiguration section */

/* Begin XCConfigurationList section */
		FB76E70025CA74D300429269 /* Build configuration list for PBXProject "Stamp" */ = {
			isa = XCConfigurationList;
			buildConfigurations = (
				FB76E72D25CA74D400429269 /* Debug */,
				FB76E72E25CA74D400429269 /* Release */,
			);
			defaultConfigurationIsVisible = 0;
			defaultConfigurationName = Release;
		};
		FB76E72F25CA74D400429269 /* Build configuration list for PBXNativeTarget "Stamp" */ = {
			isa = XCConfigurationList;
			buildConfigurations = (
				FB76E73025CA74D400429269 /* Debug */,
				FB76E73125CA74D400429269 /* Release */,
			);
			defaultConfigurationIsVisible = 0;
			defaultConfigurationName = Release;
		};
		FB76E73225CA74D400429269 /* Build configuration list for PBXNativeTarget "StampTests" */ = {
			isa = XCConfigurationList;
			buildConfigurations = (
				FB76E73325CA74D400429269 /* Debug */,
				FB76E73425CA74D400429269 /* Release */,
			);
			defaultConfigurationIsVisible = 0;
			defaultConfigurationName = Release;
		};
		FB76E73525CA74D400429269 /* Build configuration list for PBXNativeTarget "StampUITests" */ = {
			isa = XCConfigurationList;
			buildConfigurations = (
				FB76E73625CA74D400429269 /* Debug */,
				FB76E73725CA74D400429269 /* Release */,
			);
			defaultConfigurationIsVisible = 0;
			defaultConfigurationName = Release;
		};
/* End XCConfigurationList section */
	};
	rootObject = FB76E6FD25CA74D300429269 /* Project object */;
}
